
Microsoft Visual Studio Solution File, Format Version 12.00
# Visual Studio 15
VisualStudioVersion = 15.0.28307.572
MinimumVisualStudioVersion = 10.0.40219.1
Project("{8BC9CEB8-8B4A-11D0-8D11-00A0C91BC942}") = "Project2", "Project2\Project2.vcxproj", "{83EF133D-4686-4975-B5E3-7C932DC83939}"
EndProject
Global
	GlobalSection(SolutionConfigurationPlatforms) = preSolution
		Debug|x64 = Debug|x64
		Debug|x86 = Debug|x86
		Release|x64 = Release|x64
		Release|x86 = Release|x86
	EndGlobalSection
	GlobalSection(ProjectConfigurationPlatforms) = postSolution
		{83EF133D-4686-4975-B5E3-7C932DC83939}.Debug|x64.ActiveCfg = Debug|x64
		{83EF133D-4686-4975-B5E3-7C932DC83939}.Debug|x64.Build.0 = Debug|x64
		{83EF133D-4686-4975-B5E3-7C932DC83939}.Debug|x86.ActiveCfg = Debug|Win32
		{83EF133D-4686-4975-B5E3-7C932DC83939}.Debug|x86.Build.0 = Debug|Win32
		{83EF133D-4686-4975-B5E3-7C932DC83939}.Release|x64.ActiveCfg = Release|x64
		{83EF133D-4686-4975-B5E3-7C932DC83939}.Release|x64.Build.0 = Release|x64
		{83EF133D-4686-4975-B5E3-7C932DC83939}.Release|x86.ActiveCfg = Release|Win32
		{83EF133D-4686-4975-B5E3-7C932DC83939}.Release|x86.Build.0 = Release|Win32
	EndGlobalSection
	GlobalSection(SolutionProperties) = preSolution
		HideSolutionNode = FALSE
	EndGlobalSection
	GlobalSection(ExtensibilityGlobals) = postSolution
		SolutionGuid = {410B3DC9-B716-40E3-9365-2C379B7E3D45}
	EndGlobalSection
EndGlobal
